PODS:
  - barkoder_flutter (0.0.1):
    - Flutter
  - Flutter (1.0.0)

DEPENDENCIES:
  - barkoder_flutter (from `.symlinks/plugins/barkoder_flutter/ios`)
  - Flutter (from `Flutter`)

EXTERNAL SOURCES:
  barkoder_flutter:
    :path: ".symlinks/plugins/barkoder_flutter/ios"
  Flutter:
    :path: Flutter

SPEC CHECKSUMS:
  barkoder_flutter: 4a759d51a92832c58864b1120dd105267929e242
  Flutter: e0871f40cf51350855a761d2e70bf5af5b9b5de7

PODFILE CHECKSUM: c4c93c5f6502fe2754f48404d3594bf779584011

COCOAPODS: 1.15.2
